// !$*UTF8*$!
{
	archiveVersion = 1;
	classes = {
	};
	objectVersion = 46;
	objects = {

/* Begin PBXBuildFile section */
		AF2392301E5EE45A0027C499 /* main.m in Sources */ = {isa = PBXBuildFile; fileRef = AF23922F1E5EE45A0027C499 /* main.m */; };
		AF2392331E5EE45A0027C499 /* AppDelegate.m in Sources */ = {isa = PBXBuildFile; fileRef = AF2392321E5EE45A0027C499 /* AppDelegate.m */; };
		AF2392361E5EE45A0027C499 /* ViewController.m in Sources */ = {isa = PBXBuildFile; fileRef = AF2392351E5EE45A0027C499 /* ViewController.m */; };
		AF2392391E5EE45A0027C499 /* Main.storyboard in Resources */ = {isa = PBXBuildFile; fileRef = AF2392371E5EE45A0027C499 /* Main.storyboard */; };
		AF23923B1E5EE45A0027C499 /* Assets.xcassets in Resources */ = {isa = PBXBuildFile; fileRef = AF23923A1E5EE45A0027C499 /* Assets.xcassets */; };
		AF23923E1E5EE45A0027C499 /* LaunchScreen.storyboard in Resources */ = {isa = PBXBuildFile; fileRef = AF23923C1E5EE45A0027C499 /* LaunchScreen.storyboard */; };
		AF2392521E6003DD0027C499 /* DYViewController.m in Sources */ = {isa = PBXBuildFile; fileRef = AF2392511E6003DD0027C499 /* DYViewController.m */; };
		AF23925D1E6024100027C499 /* TownAnimationView.m in Sources */ = {isa = PBXBuildFile; fileRef = AF23925A1E6024100027C499 /* TownAnimationView.m */; };
		AF23925E1E6024100027C499 /* TownView.m in Sources */ = {isa = PBXBuildFile; fileRef = AF23925C1E6024100027C499 /* TownView.m */; };
/* End PBXBuildFile section */

/* Begin PBXFileReference section */
		AF23922B1E5EE45A0027C499 /* TestScrollView.app */ = {isa = PBXFileReference; explicitFileType = wrapper.application; includeInIndex = 0; path = TestScrollView.app; sourceTree = BUILT_PRODUCTS_DIR; };
		AF23922F1E5EE45A0027C499 /* main.m */ = {isa = PBXFileReference; lastKnownFileType = sourcecode.c.objc; path = main.m; sourceTree = "<group>"; };
		AF2392311E5EE45A0027C499 /* AppDelegate.h */ = {isa = PBXFileReference; lastKnownFileType = sourcecode.c.h; path = AppDelegate.h; sourceTree = "<group>"; };
		AF2392321E5EE45A0027C499 /* AppDelegate.m */ = {isa = PBXFileReference; lastKnownFileType = sourcecode.c.objc; path = AppDelegate.m; sourceTree = "<group>"; };
		AF2392341E5EE45A0027C499 /* ViewController.h */ = {isa = PBXFileReference; lastKnownFileType = sourcecode.c.h; path = ViewController.h; sourceTree = "<group>"; };
		AF2392351E5EE45A0027C499 /* ViewController.m */ = {isa = PBXFileReference; lastKnownFileType = sourcecode.c.objc; path = ViewController.m; sourceTree = "<group>"; };
		AF2392381E5EE45A0027C499 /* Base */ = {isa = PBXFileReference; lastKnownFileType = file.storyboard; name = Base; path = Base.lproj/Main.storyboard; sourceTree = "<group>"; };
		AF23923A1E5EE45A0027C499 /* Assets.xcassets */ = {isa = PBXFileReference; lastKnownFileType = folder.assetcatalog; path = Assets.xcassets; sourceTree = "<group>"; };
		AF23923D1E5EE45A0027C499 /* Base */ = {isa = PBXFileReference; lastKnownFileType = file.storyboard; name = Base; path = Base.lproj/LaunchScreen.storyboard; sourceTree = "<group>"; };
		AF23923F1E5EE45A0027C499 /* Info.plist */ = {isa = PBXFileReference; lastKnownFileType = text.plist.xml; path = Info.plist; sourceTree = "<group>"; };
		AF2392501E6003DD0027C499 /* DYViewController.h */ = {isa = PBXFileReference; fileEncoding = 4; lastKnownFileType = sourcecode.c.h; path = DYViewController.h; sourceTree = "<group>"; };
		AF2392511E6003DD0027C499 /* DYViewController.m */ = {isa = PBXFileReference; fileEncoding = 4; lastKnownFileType = sourcecode.c.objc; path = DYViewController.m; sourceTree = "<group>"; };
		AF2392591E6024100027C499 /* TownAnimationView.h */ = {isa = PBXFileReference; fileEncoding = 4; lastKnownFileType = sourcecode.c.h; path = TownAnimationView.h; sourceTree = "<group>"; };
		AF23925A1E6024100027C499 /* TownAnimationView.m */ = {isa = PBXFileReference; fileEncoding = 4; lastKnownFileType = sourcecode.c.objc; path = TownAnimationView.m; sourceTree = "<group>"; };
		AF23925B1E6024100027C499 /* TownView.h */ = {isa = PBXFileReference; fileEncoding = 4; lastKnownFileType = sourcecode.c.h; path = TownView.h; sourceTree = "<group>"; };
		AF23925C1E6024100027C499 /* TownView.m */ = {isa = PBXFileReference; fileEncoding = 4; lastKnownFileType = sourcecode.c.objc; path = TownView.m; sourceTree = "<group>"; };
/* End PBXFileReference section */

/* Begin PBXFrameworksBuildPhase section */
		AF2392281E5EE45A0027C499 /* Frameworks */ = {
			isa = PBXFrameworksBuildPhase;
			buildActionMask = 2147483647;
			files = (
			);
			runOnlyForDeploymentPostprocessing = 0;
		};
/* End PBXFrameworksBuildPhase section */

/* Begin PBXGroup section */
		AF2392221E5EE45A0027C499 = {
			isa = PBXGroup;
			children = (
				AF23922D1E5EE45A0027C499 /* TestScrollView */,
				AF23922C1E5EE45A0027C499 /* Products */,
			);
			sourceTree = "<group>";
		};
		AF23922C1E5EE45A0027C499 /* Products */ = {
			isa = PBXGroup;
			children = (
				AF23922B1E5EE45A0027C499 /* TestScrollView.app */,
			);
			name = Products;
			sourceTree = "<group>";
		};
		AF23922D1E5EE45A0027C499 /* TestScrollView */ = {
			isa = PBXGroup;
			children = (
				AF2392311E5EE45A0027C499 /* AppDelegate.h */,
				AF2392321E5EE45A0027C499 /* AppDelegate.m */,
				AF2392341E5EE45A0027C499 /* ViewController.h */,
				AF2392351E5EE45A0027C499 /* ViewController.m */,
				AF2392371E5EE45A0027C499 /* Main.storyboard */,
				AF23923A1E5EE45A0027C499 /* Assets.xcassets */,
				AF23923C1E5EE45A0027C499 /* LaunchScreen.storyboard */,
				AF23923F1E5EE45A0027C499 /* Info.plist */,
				AF23922E1E5EE45A0027C499 /* Supporting Files */,
				AF2392501E6003DD0027C499 /* DYViewController.h */,
				AF2392511E6003DD0027C499 /* DYViewController.m */,
			);
			path = TestScrollView;
			sourceTree = "<group>";
		};
		AF23922E1E5EE45A0027C499 /* Supporting Files */ = {
			isa = PBXGroup;
			children = (
				AF2392591E6024100027C499 /* TownAnimationView.h */,
				AF23925A1E6024100027C499 /* TownAnimationView.m */,
				AF23925B1E6024100027C499 /* TownView.h */,
				AF23925C1E6024100027C499 /* TownView.m */,
				AF23922F1E5EE45A0027C499 /* main.m */,
			);
			name = "Supporting Files";
			sourceTree = "<group>";
		};
/* End PBXGroup section */

/* Begin PBXNativeTarget section */
		AF23922A1E5EE45A0027C499 /* TestScrollView */ = {
			isa = PBXNativeTarget;
			buildConfigurationList = AF2392421E5EE45A0027C499 /* Build configuration list for PBXNativeTarget "TestScrollView" */;
			buildPhases = (
				AF2392271E5EE45A0027C499 /* Sources */,
				AF2392281E5EE45A0027C499 /* Frameworks */,
				AF2392291E5EE45A0027C499 /* Resources */,
			);
			buildRules = (
			);
			dependencies = (
			);
			name = TestScrollView;
			productName = TestScrollView;
			productReference = AF23922B1E5EE45A0027C499 /* TestScrollView.app */;
			productType = "com.apple.product-type.application";
		};
/* End PBXNativeTarget section */

/* Begin PBXProject section */
		AF2392231E5EE45A0027C499 /* Project object */ = {
			isa = PBXProject;
			attributes = {
				LastUpgradeCheck = 0820;
				ORGANIZATIONNAME = "戴奕";
				TargetAttributes = {
					AF23922A1E5EE45A0027C499 = {
						CreatedOnToolsVersion = 8.2.1;
						DevelopmentTeam = VHXY2K2UNU;
						ProvisioningStyle = Automatic;
					};
				};
			};
			buildConfigurationList = AF2392261E5EE45A0027C499 /* Build configuration list for PBXProject "TestScrollView" */;
			compatibilityVersion = "Xcode 3.2";
			developmentRegion = English;
			hasScannedForEncodings = 0;
			knownRegions = (
				en,
				Base,
			);
			mainGroup = AF2392221E5EE45A0027C499;
			productRefGroup = AF23922C1E5EE45A0027C499 /* Products */;
			projectDirPath = "";
			projectRoot = "";
			targets = (
				AF23922A1E5EE45A0027C499 /* TestScrollView */,
			);
		};
/* End PBXProject section */

/* Begin PBXResourcesBuildPhase section */
		AF2392291E5EE45A0027C499 /* Resources */ = {
			isa = PBXResourcesBuildPhase;
			buildActionMask = 2147483647;
			files = (
				AF23923E1E5EE45A0027C499 /* LaunchScreen.storyboard in Resources */,
				AF23923B1E5EE45A0027C499 /* Assets.xcassets in Resources */,
				AF2392391E5EE45A0027C499 /* Main.storyboard in Resources */,
			);
			runOnlyForDeploymentPostprocessing = 0;
		};
/* End PBXResourcesBuildPhase section */

/* Begin PBXSourcesBuildPhase section */
		AF2392271E5EE45A0027C499 /* Sources */ = {
			isa = PBXSourcesBuildPhase;
			buildActionMask = 2147483647;
			files = (
				AF2392521E6003DD0027C499 /* DYViewController.m in Sources */,
				AF23925D1E6024100027C499 /* TownAnimationView.m in Sources */,
				AF23925E1E6024100027C499 /* TownView.m in Sources */,
				AF2392361E5EE45A0027C499 /* ViewController.m in Sources */,
				AF2392331E5EE45A0027C499 /* AppDelegate.m in Sources */,
				AF2392301E5EE45A0027C499 /* main.m in Sources */,
			);
			runOnlyForDeploymentPostprocessing = 0;
		};
/* End PBXSourcesBuildPhase section */

/* Begin PBXVariantGroup section */
		AF2392371E5EE45A0027C499 /* Main.storyboard */ = {
			isa = PBXVariantGroup;
			children = (
				AF2392381E5EE45A0027C499 /* Base */,
			);
			name = Main.storyboard;
			sourceTree = "<group>";
		};
		AF23923C1E5EE45A0027C499 /* LaunchScreen.storyboard */ = {
			isa = PBXVariantGroup;
			children = (
				AF23923D1E5EE45A0027C499 /* Base */,
			);
			name = LaunchScreen.storyboard;
			sourceTree = "<group>";
		};
/* End PBXVariantGroup section */

/* Begin XCBuildConfiguration section */
		AF2392401E5EE45A0027C499 /* Debug */ = {
			isa = XCBuildConfiguration;
			buildSettings = {
				ALWAYS_SEARCH_USER_PATHS = NO;
				CLANG_ANALYZER_NONNULL = YES;
				CLANG_CXX_LANGUAGE_STANDARD = "gnu++0x";
				CLANG_CXX_LIBRARY = "libc++";
				CLANG_ENABLE_MODULES = YES;
				CLANG_ENABLE_OBJC_ARC = YES;
				CLANG_WARN_BOOL_CONVERSION = YES;
				CLANG_WARN_CONSTANT_CONVERSION = YES;
				CLANG_WARN_DIRECT_OBJC_ISA_USAGE = YES_ERROR;
				CLANG_WARN_DOCUMENTATION_COMMENTS = YES;
				CLANG_WARN_EMPTY_BODY = YES;
				CLANG_WARN_ENUM_CONVERSION = YES;
				CLANG_WARN_INFINITE_RECURSION = YES;
				CLANG_WARN_INT_CONVERSION = YES;
				CLANG_WARN_OBJC_ROOT_CLASS = YES_ERROR;
				CLANG_WARN_SUSPICIOUS_MOVE = YES;
				CLANG_WARN_UNREACHABLE_CODE = YES;
				CLANG_WARN__DUPLICATE_METHOD_MATCH = YES;
				"CODE_SIGN_IDENTITY[sdk=iphoneos*]" = "iPhone Developer";
				COPY_PHASE_STRIP = NO;
				DEBUG_INFORMATION_FORMAT = dwarf;
				ENABLE_STRICT_OBJC_MSGSEND = YES;
				ENABLE_TESTABILITY = YES;
				GCC_C_LANGUAGE_STANDARD = gnu99;
				GCC_DYNAMIC_NO_PIC = NO;
				GCC_NO_COMMON_BLOCKS = YES;
				GCC_OPTIMIZATION_LEVEL = 0;
				GCC_PREPROCESSOR_DEFINITIONS = (
					"DEBUG=1",
					"$(inherited)",
				);
				GCC_WARN_64_TO_32_BIT_CONVERSION = YES;
				GCC_WARN_ABOUT_RETURN_TYPE = YES_ERROR;
				GCC_WARN_UNDECLARED_SELECTOR = YES;
				GCC_WARN_UNINITIALIZED_AUTOS = YES_AGGRESSIVE;
				GCC_WARN_UNUSED_FUNCTION = YES;
				GCC_WARN_UNUSED_VARIABLE = YES;
				IPHONEOS_DEPLOYMENT_TARGET = 10.2;
				MTL_ENABLE_DEBUG_INFO = YES;
				ONLY_ACTIVE_ARCH = YES;
				SDKROOT = iphoneos;
				TARGETED_DEVICE_FAMILY = "1,2";
			};
			name = Debug;
		};
		AF2392411E5EE45A0027C499 /* Release */ = {
			isa = XCBuildConfiguration;
			buildSettings = {
				ALWAYS_SEARCH_USER_PATHS = NO;
				CLANG_ANALYZER_NONNULL = YES;
				CLANG_CXX_LANGUAGE_STANDARD = "gnu++0x";
				CLANG_CXX_LIBRARY = "libc++";
				CLANG_ENABLE_MODULES = YES;
				CLANG_ENABLE_OBJC_ARC = YES;
				CLANG_WARN_BOOL_CONVERSION = YES;
				CLANG_WARN_CONSTANT_CONVERSION = YES;
				CLANG_WARN_DIRECT_OBJC_ISA_USAGE = YES_ERROR;
				CLANG_WARN_DOCUMENTATION_COMMENTS = YES;
				CLANG_WARN_EMPTY_BODY = YES;
				CLANG_WARN_ENUM_CONVERSION = YES;
				CLANG_WARN_INFINITE_RECURSION = YES;
				CLANG_WARN_INT_CONVERSION = YES;
				CLANG_WARN_OBJC_ROOT_CLASS = YES_ERROR;
				CLANG_WARN_SUSPICIOUS_MOVE = YES;
				CLANG_WARN_UNREACHABLE_CODE = YES;
				CLANG_WARN__DUPLICATE_METHOD_MATCH = YES;
				"CODE_SIGN_IDENTITY[sdk=iphoneos*]" = "iPhone Developer";
				COPY_PHASE_STRIP = NO;
				DEBUG_INFORMATION_FORMAT = "dwarf-with-dsym";
				ENABLE_NS_ASSERTIONS = NO;
				ENABLE_STRICT_OBJC_MSGSEND = YES;
				GCC_C_LANGUAGE_STANDARD = gnu99;
				GCC_NO_COMMON_BLOCKS = YES;
				GCC_WARN_64_TO_32_BIT_CONVERSION = YES;
				GCC_WARN_ABOUT_RETURN_TYPE = YES_ERROR;
				GCC_WARN_UNDECLARED_SELECTOR = YES;
				GCC_WARN_UNINITIALIZED_AUTOS = YES_AGGRESSIVE;
				GCC_WARN_UNUSED_FUNCTION = YES;
				GCC_WARN_UNUSED_VARIABLE = YES;
				IPHONEOS_DEPLOYMENT_TARGET = 10.2;
				MTL_ENABLE_DEBUG_INFO = NO;
				SDKROOT = iphoneos;
				TARGETED_DEVICE_FAMILY = "1,2";
				VALIDATE_PRODUCT = YES;
			};
			name = Release;
		};
		AF2392431E5EE45A0027C499 /* Debug */ = {
			isa = XCBuildConfiguration;
			buildSettings = {
				ASSETCATALOG_COMPILER_APPICON_NAME = AppIcon;
				DEVELOPMENT_TEAM = VHXY2K2UNU;
				INFOPLIST_FILE = TestScrollView/Info.plist;
				IPHONEOS_DEPLOYMENT_TARGET = 8.0;
				LD_RUNPATH_SEARCH_PATHS = "$(inherited) @executable_path/Frameworks";
				PRODUCT_BUNDLE_IDENTIFIER = com.jc.TestScrollView;
				PRODUCT_NAME = "$(TARGET_NAME)";
			};
			name = Debug;
		};
		AF2392441E5EE45A0027C499 /* Release */ = {
			isa = XCBuildConfiguration;
			buildSettings = {
				ASSETCATALOG_COMPILER_APPICON_NAME = AppIcon;
				DEVELOPMENT_TEAM = VHXY2K2UNU;
				INFOPLIST_FILE = TestScrollView/Info.plist;
				IPHONEOS_DEPLOYMENT_TARGET = 8.0;
				LD_RUNPATH_SEARCH_PATHS = "$(inherited) @executable_path/Frameworks";
				PRODUCT_BUNDLE_IDENTIFIER = com.jc.TestScrollView;
				PRODUCT_NAME = "$(TARGET_NAME)";
			};
			name = Release;
		};
/* End XCBuildConfiguration section */

/* Begin XCConfigurationList section */
		AF2392261E5EE45A0027C499 /* Build configuration list for PBXProject "TestScrollView" */ = {
			isa = XCConfigurationList;
			buildConfigurations = (
				AF2392401E5EE45A0027C499 /* Debug */,
				AF2392411E5EE45A0027C499 /* Release */,
			);
			defaultConfigurationIsVisible = 0;
			defaultConfigurationName = Release;
		};
		AF2392421E5EE45A0027C499 /* Build configuration list for PBXNativeTarget "TestScrollView" */ = {
			isa = XCConfigurationList;
			buildConfigurations = (
				AF2392431E5EE45A0027C499 /* Debug */,
				AF2392441E5EE45A0027C499 /* Release */,
			);
			defaultConfigurationIsVisible = 0;
		};
/* End XCConfigurationList section */
	};
	rootObject = AF2392231E5EE45A0027C499 /* Project object */;
}
